
Microsoft Visual Studio Solution File, Format Version 12.00
# Visual Studio Version 17
VisualStudioVersion = 17.9.34701.34
MinimumVisualStudioVersion = 10.0.40219.1
Project("{FAE04EC0-301F-11D3-BF4B-00C04F79EFBC}") = "SelfValue", "SelfValue.csproj", "{594C592D-7C5A-46E5-AD72-C25282AD643B}"
EndProject
Global
	GlobalSection(SolutionConfigurationPlatforms) = preSolution
		Debug|Any CPU = Debug|Any CPU
		Release|Any CPU = Release|Any CPU
	EndGlobalSection
	GlobalSection(ProjectConfigurationPlatforms) = postSolution
		{594C592D-7C5A-46E5-AD72-C25282AD643B}.Debug|Any CPU.ActiveCfg = Debug|Any CPU
		{594C592D-7C5A-46E5-AD72-C25282AD643B}.Debug|Any CPU.Build.0 = Debug|Any CPU
		{594C592D-7C5A-46E5-AD72-C25282AD643B}.Release|Any CPU.ActiveCfg = Release|Any CPU
		{594C592D-7C5A-46E5-AD72-C25282AD643B}.Release|Any CPU.Build.0 = Release|Any CPU
	EndGlobalSection
	GlobalSection(SolutionProperties) = preSolution
		HideSolutionNode = FALSE
	EndGlobalSection
	GlobalSection(ExtensibilityGlobals) = postSolution
		SolutionGuid = {28F8E375-5F74-43CD-904C-CB23A10FF8C1}
	EndGlobalSection
EndGlobal
